
Microsoft Visual Studio Solution File, Format Version 12.00
# Visual Studio Version 17
VisualStudioVersion = 17.9.34622.214
MinimumVisualStudioVersion = 10.0.40219.1
Project("{FAE04EC0-301F-11D3-BF4B-00C04F79EFBC}") = "Recenica u listi", "Recenica u listi\Recenica u listi.csproj", "{36C9F9DC-1FC0-4323-89D2-713C3AD2BB95}"
EndProject
Global
	GlobalSection(SolutionConfigurationPlatforms) = preSolution
		Debug|Any CPU = Debug|Any CPU
		Release|Any CPU = Release|Any CPU
	EndGlobalSection
	GlobalSection(ProjectConfigurationPlatforms) = postSolution
		{36C9F9DC-1FC0-4323-89D2-713C3AD2BB95}.Debug|Any CPU.ActiveCfg = Debug|Any CPU
		{36C9F9DC-1FC0-4323-89D2-713C3AD2BB95}.Debug|Any CPU.Build.0 = Debug|Any CPU
		{36C9F9DC-1FC0-4323-89D2-713C3AD2BB95}.Release|Any CPU.ActiveCfg = Release|Any CPU
		{36C9F9DC-1FC0-4323-89D2-713C3AD2BB95}.Release|Any CPU.Build.0 = Release|Any CPU
	EndGlobalSection
	GlobalSection(SolutionProperties) = preSolution
		HideSolutionNode = FALSE
	EndGlobalSection
	GlobalSection(ExtensibilityGlobals) = postSolution
		SolutionGuid = {79D6ACBA-C481-471B-9F36-A34034B1D4F6}
	EndGlobalSection
EndGlobal
