
Microsoft Visual Studio Solution File, Format Version 12.00
# Visual Studio Version 17
VisualStudioVersion = 17.9.34622.214
MinimumVisualStudioVersion = 10.0.40219.1
Project("{FAE04EC0-301F-11D3-BF4B-00C04F79EFBC}") = "Izracunaj cenu na osnovu sifre", "Izracunaj cenu na osnovu sifre\Izracunaj cenu na osnovu sifre.csproj", "{EE80D178-7530-4F3E-8BCC-4AEEAE394318}"
EndProject
Global
	GlobalSection(SolutionConfigurationPlatforms) = preSolution
		Debug|Any CPU = Debug|Any CPU
		Release|Any CPU = Release|Any CPU
	EndGlobalSection
	GlobalSection(ProjectConfigurationPlatforms) = postSolution
		{EE80D178-7530-4F3E-8BCC-4AEEAE394318}.Debug|Any CPU.ActiveCfg = Debug|Any CPU
		{EE80D178-7530-4F3E-8BCC-4AEEAE394318}.Debug|Any CPU.Build.0 = Debug|Any CPU
		{EE80D178-7530-4F3E-8BCC-4AEEAE394318}.Release|Any CPU.ActiveCfg = Release|Any CPU
		{EE80D178-7530-4F3E-8BCC-4AEEAE394318}.Release|Any CPU.Build.0 = Release|Any CPU
	EndGlobalSection
	GlobalSection(SolutionProperties) = preSolution
		HideSolutionNode = FALSE
	EndGlobalSection
	GlobalSection(ExtensibilityGlobals) = postSolution
		SolutionGuid = {D4EFF934-1DD7-4B0E-810F-341AAE06B05E}
	EndGlobalSection
EndGlobal
