
Microsoft Visual Studio Solution File, Format Version 12.00
# Visual Studio Version 17
VisualStudioVersion = 17.9.34622.214
MinimumVisualStudioVersion = 10.0.40219.1
Project("{FAE04EC0-301F-11D3-BF4B-00C04F79EFBC}") = "Recenica i slucajno slovo", "Recenica i slucajno slovo\Recenica i slucajno slovo.csproj", "{0D61F267-07BB-488E-B2BA-29A432AF5A54}"
EndProject
Global
	GlobalSection(SolutionConfigurationPlatforms) = preSolution
		Debug|Any CPU = Debug|Any CPU
		Release|Any CPU = Release|Any CPU
	EndGlobalSection
	GlobalSection(ProjectConfigurationPlatforms) = postSolution
		{0D61F267-07BB-488E-B2BA-29A432AF5A54}.Debug|Any CPU.ActiveCfg = Debug|Any CPU
		{0D61F267-07BB-488E-B2BA-29A432AF5A54}.Debug|Any CPU.Build.0 = Debug|Any CPU
		{0D61F267-07BB-488E-B2BA-29A432AF5A54}.Release|Any CPU.ActiveCfg = Release|Any CPU
		{0D61F267-07BB-488E-B2BA-29A432AF5A54}.Release|Any CPU.Build.0 = Release|Any CPU
	EndGlobalSection
	GlobalSection(SolutionProperties) = preSolution
		HideSolutionNode = FALSE
	EndGlobalSection
	GlobalSection(ExtensibilityGlobals) = postSolution
		SolutionGuid = {027AD5EB-09BC-4BEB-BB79-6CE83179C9DE}
	EndGlobalSection
EndGlobal
