
Microsoft Visual Studio Solution File, Format Version 12.00
# Visual Studio Version 17
VisualStudioVersion = 17.9.34622.214
MinimumVisualStudioVersion = 10.0.40219.1
Project("{FAE04EC0-301F-11D3-BF4B-00C04F79EFBC}") = "Ocenite nastavnika", "Ocenite nastavnika\Ocenite nastavnika.csproj", "{E92147A4-0D64-4ED2-8EF1-C676FEA8FD4D}"
EndProject
Global
	GlobalSection(SolutionConfigurationPlatforms) = preSolution
		Debug|Any CPU = Debug|Any CPU
		Release|Any CPU = Release|Any CPU
	EndGlobalSection
	GlobalSection(ProjectConfigurationPlatforms) = postSolution
		{E92147A4-0D64-4ED2-8EF1-C676FEA8FD4D}.Debug|Any CPU.ActiveCfg = Debug|Any CPU
		{E92147A4-0D64-4ED2-8EF1-C676FEA8FD4D}.Debug|Any CPU.Build.0 = Debug|Any CPU
		{E92147A4-0D64-4ED2-8EF1-C676FEA8FD4D}.Release|Any CPU.ActiveCfg = Release|Any CPU
		{E92147A4-0D64-4ED2-8EF1-C676FEA8FD4D}.Release|Any CPU.Build.0 = Release|Any CPU
	EndGlobalSection
	GlobalSection(SolutionProperties) = preSolution
		HideSolutionNode = FALSE
	EndGlobalSection
	GlobalSection(ExtensibilityGlobals) = postSolution
		SolutionGuid = {6B8B541E-FEB7-4A32-84D1-3424D2458610}
	EndGlobalSection
EndGlobal
