
Microsoft Visual Studio Solution File, Format Version 12.00
# Visual Studio Version 17
VisualStudioVersion = 17.9.34622.214
MinimumVisualStudioVersion = 10.0.40219.1
Project("{FAE04EC0-301F-11D3-BF4B-00C04F79EFBC}") = "Ispitati trouglove", "Ispitati trouglove\Ispitati trouglove.csproj", "{72030ABC-B2B5-4E78-B808-1DA64E479D28}"
EndProject
Global
	GlobalSection(SolutionConfigurationPlatforms) = preSolution
		Debug|Any CPU = Debug|Any CPU
		Release|Any CPU = Release|Any CPU
	EndGlobalSection
	GlobalSection(ProjectConfigurationPlatforms) = postSolution
		{72030ABC-B2B5-4E78-B808-1DA64E479D28}.Debug|Any CPU.ActiveCfg = Debug|Any CPU
		{72030ABC-B2B5-4E78-B808-1DA64E479D28}.Debug|Any CPU.Build.0 = Debug|Any CPU
		{72030ABC-B2B5-4E78-B808-1DA64E479D28}.Release|Any CPU.ActiveCfg = Release|Any CPU
		{72030ABC-B2B5-4E78-B808-1DA64E479D28}.Release|Any CPU.Build.0 = Release|Any CPU
	EndGlobalSection
	GlobalSection(SolutionProperties) = preSolution
		HideSolutionNode = FALSE
	EndGlobalSection
	GlobalSection(ExtensibilityGlobals) = postSolution
		SolutionGuid = {E6C836B9-2D18-447D-8058-F30799410E73}
	EndGlobalSection
EndGlobal
