
Microsoft Visual Studio Solution File, Format Version 12.00
# Visual Studio Version 17
VisualStudioVersion = 17.9.34723.18
MinimumVisualStudioVersion = 10.0.40219.1
Project("{FAE04EC0-301F-11D3-BF4B-00C04F79EFBC}") = "Rucno sortiranje niza", "Rucno sortiranje niza\Rucno sortiranje niza.csproj", "{1CABE2E1-97F7-46FA-A36F-0A6F9C3F9BD6}"
EndProject
Global
	GlobalSection(SolutionConfigurationPlatforms) = preSolution
		Debug|Any CPU = Debug|Any CPU
		Release|Any CPU = Release|Any CPU
	EndGlobalSection
	GlobalSection(ProjectConfigurationPlatforms) = postSolution
		{1CABE2E1-97F7-46FA-A36F-0A6F9C3F9BD6}.Debug|Any CPU.ActiveCfg = Debug|Any CPU
		{1CABE2E1-97F7-46FA-A36F-0A6F9C3F9BD6}.Debug|Any CPU.Build.0 = Debug|Any CPU
		{1CABE2E1-97F7-46FA-A36F-0A6F9C3F9BD6}.Release|Any CPU.ActiveCfg = Release|Any CPU
		{1CABE2E1-97F7-46FA-A36F-0A6F9C3F9BD6}.Release|Any CPU.Build.0 = Release|Any CPU
	EndGlobalSection
	GlobalSection(SolutionProperties) = preSolution
		HideSolutionNode = FALSE
	EndGlobalSection
	GlobalSection(ExtensibilityGlobals) = postSolution
		SolutionGuid = {5E60CF68-9E82-404F-869A-6713E05C0397}
	EndGlobalSection
EndGlobal
