
Microsoft Visual Studio Solution File, Format Version 12.00
# Visual Studio Version 17
VisualStudioVersion = 17.9.34622.214
MinimumVisualStudioVersion = 10.0.40219.1
Project("{FAE04EC0-301F-11D3-BF4B-00C04F79EFBC}") = "Pogadjanje tacnog broja do beskonacnosti", "Pogadjanje tacnog broja do beskonacnosti\Pogadjanje tacnog broja do beskonacnosti.csproj", "{9BC46E86-3CDC-44EC-8077-AC0C242AF78B}"
EndProject
Global
	GlobalSection(SolutionConfigurationPlatforms) = preSolution
		Debug|Any CPU = Debug|Any CPU
		Release|Any CPU = Release|Any CPU
	EndGlobalSection
	GlobalSection(ProjectConfigurationPlatforms) = postSolution
		{9BC46E86-3CDC-44EC-8077-AC0C242AF78B}.Debug|Any CPU.ActiveCfg = Debug|Any CPU
		{9BC46E86-3CDC-44EC-8077-AC0C242AF78B}.Debug|Any CPU.Build.0 = Debug|Any CPU
		{9BC46E86-3CDC-44EC-8077-AC0C242AF78B}.Release|Any CPU.ActiveCfg = Release|Any CPU
		{9BC46E86-3CDC-44EC-8077-AC0C242AF78B}.Release|Any CPU.Build.0 = Release|Any CPU
	EndGlobalSection
	GlobalSection(SolutionProperties) = preSolution
		HideSolutionNode = FALSE
	EndGlobalSection
	GlobalSection(ExtensibilityGlobals) = postSolution
		SolutionGuid = {45A48CBA-89A5-4610-8A1F-7A02DD6526A7}
	EndGlobalSection
EndGlobal
