
Microsoft Visual Studio Solution File, Format Version 12.00
# Visual Studio Version 17
VisualStudioVersion = 17.9.34723.18
MinimumVisualStudioVersion = 10.0.40219.1
Project("{FAE04EC0-301F-11D3-BF4B-00C04F79EFBC}") = "Razlicite reci iz teksta", "Razlicite reci iz teksta\Razlicite reci iz teksta.csproj", "{5D4F4007-C949-477C-996D-5312FDEED9F0}"
EndProject
Global
	GlobalSection(SolutionConfigurationPlatforms) = preSolution
		Debug|Any CPU = Debug|Any CPU
		Release|Any CPU = Release|Any CPU
	EndGlobalSection
	GlobalSection(ProjectConfigurationPlatforms) = postSolution
		{5D4F4007-C949-477C-996D-5312FDEED9F0}.Debug|Any CPU.ActiveCfg = Debug|Any CPU
		{5D4F4007-C949-477C-996D-5312FDEED9F0}.Debug|Any CPU.Build.0 = Debug|Any CPU
		{5D4F4007-C949-477C-996D-5312FDEED9F0}.Release|Any CPU.ActiveCfg = Release|Any CPU
		{5D4F4007-C949-477C-996D-5312FDEED9F0}.Release|Any CPU.Build.0 = Release|Any CPU
	EndGlobalSection
	GlobalSection(SolutionProperties) = preSolution
		HideSolutionNode = FALSE
	EndGlobalSection
	GlobalSection(ExtensibilityGlobals) = postSolution
		SolutionGuid = {042E674C-C7A6-4408-A897-380A74E27A33}
	EndGlobalSection
EndGlobal
