
Microsoft Visual Studio Solution File, Format Version 12.00
# Visual Studio Version 17
VisualStudioVersion = 17.9.34723.18
MinimumVisualStudioVersion = 10.0.40219.1
Project("{FAE04EC0-301F-11D3-BF4B-00C04F79EFBC}") = "Pragougaonik od znaka", "Pragougaonik od znaka\Pragougaonik od znaka.csproj", "{6AAEE854-FB8C-4216-A529-7932415DBF21}"
EndProject
Global
	GlobalSection(SolutionConfigurationPlatforms) = preSolution
		Debug|Any CPU = Debug|Any CPU
		Release|Any CPU = Release|Any CPU
	EndGlobalSection
	GlobalSection(ProjectConfigurationPlatforms) = postSolution
		{6AAEE854-FB8C-4216-A529-7932415DBF21}.Debug|Any CPU.ActiveCfg = Debug|Any CPU
		{6AAEE854-FB8C-4216-A529-7932415DBF21}.Debug|Any CPU.Build.0 = Debug|Any CPU
		{6AAEE854-FB8C-4216-A529-7932415DBF21}.Release|Any CPU.ActiveCfg = Release|Any CPU
		{6AAEE854-FB8C-4216-A529-7932415DBF21}.Release|Any CPU.Build.0 = Release|Any CPU
	EndGlobalSection
	GlobalSection(SolutionProperties) = preSolution
		HideSolutionNode = FALSE
	EndGlobalSection
	GlobalSection(ExtensibilityGlobals) = postSolution
		SolutionGuid = {24647F40-C890-4D4B-ABB0-6FB5855154FF}
	EndGlobalSection
EndGlobal
