
Microsoft Visual Studio Solution File, Format Version 12.00
# Visual Studio Version 17
VisualStudioVersion = 17.9.34622.214
MinimumVisualStudioVersion = 10.0.40219.1
Project("{FAE04EC0-301F-11D3-BF4B-00C04F79EFBC}") = "Pogadjanje Tajnog broja unapredjeno", "Pogadjanje Tajnog broja unapredjeno\Pogadjanje Tajnog broja unapredjeno.csproj", "{4E379A49-981C-444C-8B6E-F01A78C80B33}"
EndProject
Global
	GlobalSection(SolutionConfigurationPlatforms) = preSolution
		Debug|Any CPU = Debug|Any CPU
		Release|Any CPU = Release|Any CPU
	EndGlobalSection
	GlobalSection(ProjectConfigurationPlatforms) = postSolution
		{4E379A49-981C-444C-8B6E-F01A78C80B33}.Debug|Any CPU.ActiveCfg = Debug|Any CPU
		{4E379A49-981C-444C-8B6E-F01A78C80B33}.Debug|Any CPU.Build.0 = Debug|Any CPU
		{4E379A49-981C-444C-8B6E-F01A78C80B33}.Release|Any CPU.ActiveCfg = Release|Any CPU
		{4E379A49-981C-444C-8B6E-F01A78C80B33}.Release|Any CPU.Build.0 = Release|Any CPU
	EndGlobalSection
	GlobalSection(SolutionProperties) = preSolution
		HideSolutionNode = FALSE
	EndGlobalSection
	GlobalSection(ExtensibilityGlobals) = postSolution
		SolutionGuid = {E2392959-3412-48D2-8FEB-8C014B1A28C3}
	EndGlobalSection
EndGlobal
