
Microsoft Visual Studio Solution File, Format Version 12.00
# Visual Studio Version 17
VisualStudioVersion = 17.9.34622.214
MinimumVisualStudioVersion = 10.0.40219.1
Project("{FAE04EC0-301F-11D3-BF4B-00C04F79EFBC}") = "Unesite mesec  i dane", "Unesite mesec  i dane\Unesite mesec  i dane.csproj", "{DFA2BEDB-7486-4A7F-BF23-3AFCC5EC5576}"
EndProject
Global
	GlobalSection(SolutionConfigurationPlatforms) = preSolution
		Debug|Any CPU = Debug|Any CPU
		Release|Any CPU = Release|Any CPU
	EndGlobalSection
	GlobalSection(ProjectConfigurationPlatforms) = postSolution
		{DFA2BEDB-7486-4A7F-BF23-3AFCC5EC5576}.Debug|Any CPU.ActiveCfg = Debug|Any CPU
		{DFA2BEDB-7486-4A7F-BF23-3AFCC5EC5576}.Debug|Any CPU.Build.0 = Debug|Any CPU
		{DFA2BEDB-7486-4A7F-BF23-3AFCC5EC5576}.Release|Any CPU.ActiveCfg = Release|Any CPU
		{DFA2BEDB-7486-4A7F-BF23-3AFCC5EC5576}.Release|Any CPU.Build.0 = Release|Any CPU
	EndGlobalSection
	GlobalSection(SolutionProperties) = preSolution
		HideSolutionNode = FALSE
	EndGlobalSection
	GlobalSection(ExtensibilityGlobals) = postSolution
		SolutionGuid = {BE281727-BFDE-41B2-B351-03A4047B117E}
	EndGlobalSection
EndGlobal
