
Microsoft Visual Studio Solution File, Format Version 12.00
# Visual Studio Version 17
VisualStudioVersion = 17.9.34723.18
MinimumVisualStudioVersion = 10.0.40219.1
Project("{FAE04EC0-301F-11D3-BF4B-00C04F79EFBC}") = "vrednost niza", "vrednost niza\vrednost niza.csproj", "{600C3399-0717-45B1-818F-002C39FB7949}"
EndProject
Global
	GlobalSection(SolutionConfigurationPlatforms) = preSolution
		Debug|Any CPU = Debug|Any CPU
		Release|Any CPU = Release|Any CPU
	EndGlobalSection
	GlobalSection(ProjectConfigurationPlatforms) = postSolution
		{600C3399-0717-45B1-818F-002C39FB7949}.Debug|Any CPU.ActiveCfg = Debug|Any CPU
		{600C3399-0717-45B1-818F-002C39FB7949}.Debug|Any CPU.Build.0 = Debug|Any CPU
		{600C3399-0717-45B1-818F-002C39FB7949}.Release|Any CPU.ActiveCfg = Release|Any CPU
		{600C3399-0717-45B1-818F-002C39FB7949}.Release|Any CPU.Build.0 = Release|Any CPU
	EndGlobalSection
	GlobalSection(SolutionProperties) = preSolution
		HideSolutionNode = FALSE
	EndGlobalSection
	GlobalSection(ExtensibilityGlobals) = postSolution
		SolutionGuid = {4EDC6CDE-F896-47EC-8927-65948E58F7AF}
	EndGlobalSection
EndGlobal
