
Microsoft Visual Studio Solution File, Format Version 12.00
# Visual Studio Version 17
VisualStudioVersion = 17.9.34723.18
MinimumVisualStudioVersion = 10.0.40219.1
Project("{FAE04EC0-301F-11D3-BF4B-00C04F79EFBC}") = "Tip trougla", "Tip trougla\Tip trougla.csproj", "{62BAD376-A854-4679-AD1D-7B4FAD621445}"
EndProject
Global
	GlobalSection(SolutionConfigurationPlatforms) = preSolution
		Debug|Any CPU = Debug|Any CPU
		Release|Any CPU = Release|Any CPU
	EndGlobalSection
	GlobalSection(ProjectConfigurationPlatforms) = postSolution
		{62BAD376-A854-4679-AD1D-7B4FAD621445}.Debug|Any CPU.ActiveCfg = Debug|Any CPU
		{62BAD376-A854-4679-AD1D-7B4FAD621445}.Debug|Any CPU.Build.0 = Debug|Any CPU
		{62BAD376-A854-4679-AD1D-7B4FAD621445}.Release|Any CPU.ActiveCfg = Release|Any CPU
		{62BAD376-A854-4679-AD1D-7B4FAD621445}.Release|Any CPU.Build.0 = Release|Any CPU
	EndGlobalSection
	GlobalSection(SolutionProperties) = preSolution
		HideSolutionNode = FALSE
	EndGlobalSection
	GlobalSection(ExtensibilityGlobals) = postSolution
		SolutionGuid = {A8E85B98-ACFC-43BC-B9E0-DB16D82EA445}
	EndGlobalSection
EndGlobal
