
Microsoft Visual Studio Solution File, Format Version 12.00
# Visual Studio Version 17
VisualStudioVersion = 17.9.34622.214
MinimumVisualStudioVersion = 10.0.40219.1
Project("{FAE04EC0-301F-11D3-BF4B-00C04F79EFBC}") = "Prosek realnih brojeva", "Prosek realnih brojeva\Prosek realnih brojeva.csproj", "{6C578832-76A3-4BF6-BC9B-9A1A8DB3BF64}"
EndProject
Global
	GlobalSection(SolutionConfigurationPlatforms) = preSolution
		Debug|Any CPU = Debug|Any CPU
		Release|Any CPU = Release|Any CPU
	EndGlobalSection
	GlobalSection(ProjectConfigurationPlatforms) = postSolution
		{6C578832-76A3-4BF6-BC9B-9A1A8DB3BF64}.Debug|Any CPU.ActiveCfg = Debug|Any CPU
		{6C578832-76A3-4BF6-BC9B-9A1A8DB3BF64}.Debug|Any CPU.Build.0 = Debug|Any CPU
		{6C578832-76A3-4BF6-BC9B-9A1A8DB3BF64}.Release|Any CPU.ActiveCfg = Release|Any CPU
		{6C578832-76A3-4BF6-BC9B-9A1A8DB3BF64}.Release|Any CPU.Build.0 = Release|Any CPU
	EndGlobalSection
	GlobalSection(SolutionProperties) = preSolution
		HideSolutionNode = FALSE
	EndGlobalSection
	GlobalSection(ExtensibilityGlobals) = postSolution
		SolutionGuid = {AB479FDC-2777-4FBF-8071-713B78CC60AF}
	EndGlobalSection
EndGlobal
