
Microsoft Visual Studio Solution File, Format Version 12.00
# Visual Studio Version 17
VisualStudioVersion = 17.9.34723.18
MinimumVisualStudioVersion = 10.0.40219.1
Project("{FAE04EC0-301F-11D3-BF4B-00C04F79EFBC}") = "Autoput", "Autoput\Autoput.csproj", "{575BCF0F-F7C7-45B4-BAC2-8DB576DE1FE3}"
EndProject
Global
	GlobalSection(SolutionConfigurationPlatforms) = preSolution
		Debug|Any CPU = Debug|Any CPU
		Release|Any CPU = Release|Any CPU
	EndGlobalSection
	GlobalSection(ProjectConfigurationPlatforms) = postSolution
		{575BCF0F-F7C7-45B4-BAC2-8DB576DE1FE3}.Debug|Any CPU.ActiveCfg = Debug|Any CPU
		{575BCF0F-F7C7-45B4-BAC2-8DB576DE1FE3}.Debug|Any CPU.Build.0 = Debug|Any CPU
		{575BCF0F-F7C7-45B4-BAC2-8DB576DE1FE3}.Release|Any CPU.ActiveCfg = Release|Any CPU
		{575BCF0F-F7C7-45B4-BAC2-8DB576DE1FE3}.Release|Any CPU.Build.0 = Release|Any CPU
	EndGlobalSection
	GlobalSection(SolutionProperties) = preSolution
		HideSolutionNode = FALSE
	EndGlobalSection
	GlobalSection(ExtensibilityGlobals) = postSolution
		SolutionGuid = {36E92846-1174-4D35-B91E-8C74D0931CDA}
	EndGlobalSection
EndGlobal
